Microsoft Visual Studio Solution File, Format Version 12.00
# Visual Studio 14
Project("{2150E333-8FDC-42A3-9474-1A3956D46DE8}") = "CMakePredefinedTargets", "CMakePredefinedTargets", "{0DBE6B8F-D773-3F02-ACC2-0FC7D809D952}"
EndProject
Project("{2150E333-8FDC-42A3-9474-1A3956D46DE8}") = "executables", "executables", "{00B756E0-EEF6-3AB5-8FB6-92E7C4E0306F}"
EndProject
Project("{2150E333-8FDC-42A3-9474-1A3956D46DE8}") = "libraries", "libraries", "{DA0C7DFC-9139-3548-B869-63047FF0CE67}"
EndProject
Project("{8BC9CEB8-8B4A-11D0-8D11-00A0C91BC942}") = "ALL_BUILD", "ALL_BUILD.vcxproj", "{726F3438-F5EA-31EA-8168-6C5CEAA499A8}"
	ProjectSection(ProjectDependencies) = postProject
		{3B630BEA-2330-356B-ABCC-9D071EA019A3} = {3B630BEA-2330-356B-ABCC-9D071EA019A3}
		{692ACB44-8C6E-3B72-96EB-688EE95D765E} = {692ACB44-8C6E-3B72-96EB-688EE95D765E}
		{D3876A00-C4BE-363E-9519-065729F97C6C} = {D3876A00-C4BE-363E-9519-065729F97C6C}
	EndProjectSection
EndProject
Project("{8BC9CEB8-8B4A-11D0-8D11-00A0C91BC942}") = "INSTALL", "INSTALL.vcxproj", "{9D5E5CAC-6949-317D-8463-68A0EF9E1835}"
	ProjectSection(ProjectDependencies) = postProject
		{726F3438-F5EA-31EA-8168-6C5CEAA499A8} = {726F3438-F5EA-31EA-8168-6C5CEAA499A8}
		{D3876A00-C4BE-363E-9519-065729F97C6C} = {D3876A00-C4BE-363E-9519-065729F97C6C}
	EndProjectSection
EndProject
Project("{6989167D-11E4-40FE-8C1A-2192A86A7E90}") = "ListsTest", "src\app\ListsTest.vfproj", "{3B630BEA-2330-356B-ABCC-9D071EA019A3}"
	ProjectSection(ProjectDependencies) = postProject
		{692ACB44-8C6E-3B72-96EB-688EE95D765E} = {692ACB44-8C6E-3B72-96EB-688EE95D765E}
		{D3876A00-C4BE-363E-9519-065729F97C6C} = {D3876A00-C4BE-363E-9519-065729F97C6C}
	EndProjectSection
EndProject
Project("{6989167D-11E4-40FE-8C1A-2192A86A7E90}") = "ListsTestLib", "src\lib\ListsTestLib.vfproj", "{692ACB44-8C6E-3B72-96EB-688EE95D765E}"
	ProjectSection(ProjectDependencies) = postProject
		{D3876A00-C4BE-363E-9519-065729F97C6C} = {D3876A00-C4BE-363E-9519-065729F97C6C}
	EndProjectSection
EndProject
Project("{8BC9CEB8-8B4A-11D0-8D11-00A0C91BC942}") = "ZERO_CHECK", "ZERO_CHECK.vcxproj", "{D3876A00-C4BE-363E-9519-065729F97C6C}"
	ProjectSection(ProjectDependencies) = postProject
	EndProjectSection
EndProject
Global
	GlobalSection(SolutionConfigurationPlatforms) = preSolution
		DEBUG|x64 = DEBUG|x64
		RELEASE|x64 = RELEASE|x64
	EndGlobalSection
	GlobalSection(ProjectConfigurationPlatforms) = postSolution
		{726F3438-F5EA-31EA-8168-6C5CEAA499A8}.DEBUG|x64.ActiveCfg = DEBUG|x64
		{726F3438-F5EA-31EA-8168-6C5CEAA499A8}.DEBUG|x64.Build.0 = DEBUG|x64
		{726F3438-F5EA-31EA-8168-6C5CEAA499A8}.RELEASE|x64.ActiveCfg = RELEASE|x64
		{726F3438-F5EA-31EA-8168-6C5CEAA499A8}.RELEASE|x64.Build.0 = RELEASE|x64
		{9D5E5CAC-6949-317D-8463-68A0EF9E1835}.DEBUG|x64.ActiveCfg = DEBUG|x64
		{9D5E5CAC-6949-317D-8463-68A0EF9E1835}.RELEASE|x64.ActiveCfg = RELEASE|x64
		{3B630BEA-2330-356B-ABCC-9D071EA019A3}.DEBUG|x64.ActiveCfg = DEBUG|x64
		{3B630BEA-2330-356B-ABCC-9D071EA019A3}.DEBUG|x64.Build.0 = DEBUG|x64
		{3B630BEA-2330-356B-ABCC-9D071EA019A3}.RELEASE|x64.ActiveCfg = RELEASE|x64
		{3B630BEA-2330-356B-ABCC-9D071EA019A3}.RELEASE|x64.Build.0 = RELEASE|x64
		{692ACB44-8C6E-3B72-96EB-688EE95D765E}.DEBUG|x64.ActiveCfg = DEBUG|x64
		{692ACB44-8C6E-3B72-96EB-688EE95D765E}.DEBUG|x64.Build.0 = DEBUG|x64
		{692ACB44-8C6E-3B72-96EB-688EE95D765E}.RELEASE|x64.ActiveCfg = RELEASE|x64
		{692ACB44-8C6E-3B72-96EB-688EE95D765E}.RELEASE|x64.Build.0 = RELEASE|x64
		{D3876A00-C4BE-363E-9519-065729F97C6C}.DEBUG|x64.ActiveCfg = DEBUG|x64
		{D3876A00-C4BE-363E-9519-065729F97C6C}.DEBUG|x64.Build.0 = DEBUG|x64
		{D3876A00-C4BE-363E-9519-065729F97C6C}.RELEASE|x64.ActiveCfg = RELEASE|x64
		{D3876A00-C4BE-363E-9519-065729F97C6C}.RELEASE|x64.Build.0 = RELEASE|x64
	EndGlobalSection
	GlobalSection(NestedProjects) = preSolution
		{726F3438-F5EA-31EA-8168-6C5CEAA499A8} = {0DBE6B8F-D773-3F02-ACC2-0FC7D809D952}
		{9D5E5CAC-6949-317D-8463-68A0EF9E1835} = {0DBE6B8F-D773-3F02-ACC2-0FC7D809D952}
		{D3876A00-C4BE-363E-9519-065729F97C6C} = {0DBE6B8F-D773-3F02-ACC2-0FC7D809D952}
		{3B630BEA-2330-356B-ABCC-9D071EA019A3} = {00B756E0-EEF6-3AB5-8FB6-92E7C4E0306F}
		{692ACB44-8C6E-3B72-96EB-688EE95D765E} = {DA0C7DFC-9139-3548-B869-63047FF0CE67}
	EndGlobalSection
	GlobalSection(ExtensibilityGlobals) = postSolution
		SolutionGuid = {5AA781C8-5A10-3CAD-9626-3EB6E3789ED4}
	EndGlobalSection
	GlobalSection(ExtensibilityAddIns) = postSolution
	EndGlobalSection
EndGlobal
